
Microsoft Visual Studio Solution File, Format Version 12.00
# Visual Studio 15
VisualStudioVersion = 15.0.26730.16
MinimumVisualStudioVersion = 10.0.40219.1
Project("{9A19103F-16F7-4668-BE54-9A1E7A4F7556}") = "WebshopHPW", "WebshopHPW.csproj", "{A870AD84-9C40-4DC0-9AB6-A360EF2CBF05}"
EndProject
Global
	GlobalSection(SolutionConfigurationPlatforms) = preSolution
		Debug|Any CPU = Debug|Any CPU
		Release|Any CPU = Release|Any CPU
	EndGlobalSection
	GlobalSection(ProjectConfigurationPlatforms) = postSolution
		{A870AD84-9C40-4DC0-9AB6-A360EF2CBF05}.Debug|Any CPU.ActiveCfg = Debug|Any CPU
		{A870AD84-9C40-4DC0-9AB6-A360EF2CBF05}.Debug|Any CPU.Build.0 = Debug|Any CPU
		{A870AD84-9C40-4DC0-9AB6-A360EF2CBF05}.Release|Any CPU.ActiveCfg = Release|Any CPU
		{A870AD84-9C40-4DC0-9AB6-A360EF2CBF05}.Release|Any CPU.Build.0 = Release|Any CPU
	EndGlobalSection
	GlobalSection(SolutionProperties) = preSolution
		HideSolutionNode = FALSE
	EndGlobalSection
	GlobalSection(ExtensibilityGlobals) = postSolution
		SolutionGuid = {C441DAED-B451-4F9C-A971-7B10D7E9B534}
	EndGlobalSection
EndGlobal
